
Microsoft Visual Studio Solution File, Format Version 12.00
# Visual Studio Version 17
VisualStudioVersion = 17.8.34525.116
MinimumVisualStudioVersion = 10.0.40219.1
Project("{FAE04EC0-301F-11D3-BF4B-00C04F79EFBC}") = "Task1", "Education\Task1.csproj", "{24BED534-AFF8-40FF-A1D4-8D8BA4969CCF}"
EndProject
Global
	GlobalSection(SolutionConfigurationPlatforms) = preSolution
		Debug|Any CPU = Debug|Any CPU
		Release|Any CPU = Release|Any CPU
	EndGlobalSection
	GlobalSection(ProjectConfigurationPlatforms) = postSolution
		{24BED534-AFF8-40FF-A1D4-8D8BA4969CCF}.Debug|Any CPU.ActiveCfg = Debug|Any CPU
		{24BED534-AFF8-40FF-A1D4-8D8BA4969CCF}.Debug|Any CPU.Build.0 = Debug|Any CPU
		{24BED534-AFF8-40FF-A1D4-8D8BA4969CCF}.Release|Any CPU.ActiveCfg = Release|Any CPU
		{24BED534-AFF8-40FF-A1D4-8D8BA4969CCF}.Release|Any CPU.Build.0 = Release|Any CPU
	EndGlobalSection
	GlobalSection(SolutionProperties) = preSolution
		HideSolutionNode = FALSE
	EndGlobalSection
	GlobalSection(ExtensibilityGlobals) = postSolution
		SolutionGuid = {8EAFEC20-8656-489B-9425-4530D67C4E6F}
	EndGlobalSection
EndGlobal
